
Microsoft Visual Studio Solution File, Format Version 12.00
# Visual Studio Version 16
VisualStudioVersion = 16.0.28803.452
MinimumVisualStudioVersion = 15.0.26124.0
Project("{2150E333-8FDC-42A3-9474-1A3956D46DE8}") = "Interactive", "Interactive", "{6D51E61C-53D6-46BF-BE28-A690A456651F}"
EndProject
Project("{2150E333-8FDC-42A3-9474-1A3956D46DE8}") = "Web", "Web", "{61C7EF5E-BCE8-4287-B60E-E62AB40E639D}"
EndProject
Project("{2150E333-8FDC-42A3-9474-1A3956D46DE8}") = "Angular", "Angular", "{B2822BE9-C895-4434-9ED8-C57C8F345800}"
EndProject
Project("{9A19103F-16F7-4668-BE54-9A1E7A4F7556}") = "Budget.Angular", "Interactive\Web\Angular\Budget.Angular\Budget.Angular.csproj", "{90EDB8A3-672B-4A2E-9135-B88816AF1BD3}"
EndProject
Project("{2150E333-8FDC-42A3-9474-1A3956D46DE8}") = "Business", "Business", "{096649C1-0A84-4F53-A4DB-D2C582AB9799}"
EndProject
Project("{FAE04EC0-301F-11D3-BF4B-00C04F79EFBC}") = "Budget.Business", "Business\Budget.Business\Budget.Business.csproj", "{5F4F25C0-1F35-4588-AD54-F0354F39090A}"
EndProject
Project("{2150E333-8FDC-42A3-9474-1A3956D46DE8}") = "Tests", "Tests", "{099228F7-A043-44D9-8F83-861C59E6EAF3}"
EndProject
Project("{FAE04EC0-301F-11D3-BF4B-00C04F79EFBC}") = "Budget.Tests.UnitTests", "Tests\Budget.Tests.UnitTests\Budget.Tests.UnitTests.csproj", "{4B79F412-58F5-46CE-A2E8-312330A20640}"
EndProject
Global
	GlobalSection(SolutionConfigurationPlatforms) = preSolution
		Debug|Any CPU = Debug|Any CPU
		Debug|x64 = Debug|x64
		Debug|x86 = Debug|x86
		Release|Any CPU = Release|Any CPU
		Release|x64 = Release|x64
		Release|x86 = Release|x86
	EndGlobalSection
	GlobalSection(ProjectConfigurationPlatforms) = postSolution
		{90EDB8A3-672B-4A2E-9135-B88816AF1BD3}.Debug|Any CPU.ActiveCfg = Debug|Any CPU
		{90EDB8A3-672B-4A2E-9135-B88816AF1BD3}.Debug|Any CPU.Build.0 = Debug|Any CPU
		{90EDB8A3-672B-4A2E-9135-B88816AF1BD3}.Debug|x64.ActiveCfg = Debug|Any CPU
		{90EDB8A3-672B-4A2E-9135-B88816AF1BD3}.Debug|x64.Build.0 = Debug|Any CPU
		{90EDB8A3-672B-4A2E-9135-B88816AF1BD3}.Debug|x86.ActiveCfg = Debug|Any CPU
		{90EDB8A3-672B-4A2E-9135-B88816AF1BD3}.Debug|x86.Build.0 = Debug|Any CPU
		{90EDB8A3-672B-4A2E-9135-B88816AF1BD3}.Release|Any CPU.ActiveCfg = Release|Any CPU
		{90EDB8A3-672B-4A2E-9135-B88816AF1BD3}.Release|Any CPU.Build.0 = Release|Any CPU
		{90EDB8A3-672B-4A2E-9135-B88816AF1BD3}.Release|x64.ActiveCfg = Release|Any CPU
		{90EDB8A3-672B-4A2E-9135-B88816AF1BD3}.Release|x64.Build.0 = Release|Any CPU
		{90EDB8A3-672B-4A2E-9135-B88816AF1BD3}.Release|x86.ActiveCfg = Release|Any CPU
		{90EDB8A3-672B-4A2E-9135-B88816AF1BD3}.Release|x86.Build.0 = Release|Any CPU
		{5F4F25C0-1F35-4588-AD54-F0354F39090A}.Debug|Any CPU.ActiveCfg = Debug|Any CPU
		{5F4F25C0-1F35-4588-AD54-F0354F39090A}.Debug|Any CPU.Build.0 = Debug|Any CPU
		{5F4F25C0-1F35-4588-AD54-F0354F39090A}.Debug|x64.ActiveCfg = Debug|Any CPU
		{5F4F25C0-1F35-4588-AD54-F0354F39090A}.Debug|x64.Build.0 = Debug|Any CPU
		{5F4F25C0-1F35-4588-AD54-F0354F39090A}.Debug|x86.ActiveCfg = Debug|Any CPU
		{5F4F25C0-1F35-4588-AD54-F0354F39090A}.Debug|x86.Build.0 = Debug|Any CPU
		{5F4F25C0-1F35-4588-AD54-F0354F39090A}.Release|Any CPU.ActiveCfg = Release|Any CPU
		{5F4F25C0-1F35-4588-AD54-F0354F39090A}.Release|Any CPU.Build.0 = Release|Any CPU
		{5F4F25C0-1F35-4588-AD54-F0354F39090A}.Release|x64.ActiveCfg = Release|Any CPU
		{5F4F25C0-1F35-4588-AD54-F0354F39090A}.Release|x64.Build.0 = Release|Any CPU
		{5F4F25C0-1F35-4588-AD54-F0354F39090A}.Release|x86.ActiveCfg = Release|Any CPU
		{5F4F25C0-1F35-4588-AD54-F0354F39090A}.Release|x86.Build.0 = Release|Any CPU
		{4B79F412-58F5-46CE-A2E8-312330A20640}.Debug|Any CPU.ActiveCfg = Debug|Any CPU
		{4B79F412-58F5-46CE-A2E8-312330A20640}.Debug|Any CPU.Build.0 = Debug|Any CPU
		{4B79F412-58F5-46CE-A2E8-312330A20640}.Debug|x64.ActiveCfg = Debug|Any CPU
		{4B79F412-58F5-46CE-A2E8-312330A20640}.Debug|x64.Build.0 = Debug|Any CPU
		{4B79F412-58F5-46CE-A2E8-312330A20640}.Debug|x86.ActiveCfg = Debug|Any CPU
		{4B79F412-58F5-46CE-A2E8-312330A20640}.Debug|x86.Build.0 = Debug|Any CPU
		{4B79F412-58F5-46CE-A2E8-312330A20640}.Release|Any CPU.ActiveCfg = Release|Any CPU
		{4B79F412-58F5-46CE-A2E8-312330A20640}.Release|Any CPU.Build.0 = Release|Any CPU
		{4B79F412-58F5-46CE-A2E8-312330A20640}.Release|x64.ActiveCfg = Release|Any CPU
		{4B79F412-58F5-46CE-A2E8-312330A20640}.Release|x64.Build.0 = Release|Any CPU
		{4B79F412-58F5-46CE-A2E8-312330A20640}.Release|x86.ActiveCfg = Release|Any CPU
		{4B79F412-58F5-46CE-A2E8-312330A20640}.Release|x86.Build.0 = Release|Any CPU
	EndGlobalSection
	GlobalSection(SolutionProperties) = preSolution
		HideSolutionNode = FALSE
	EndGlobalSection
	GlobalSection(NestedProjects) = preSolution
		{61C7EF5E-BCE8-4287-B60E-E62AB40E639D} = {6D51E61C-53D6-46BF-BE28-A690A456651F}
		{B2822BE9-C895-4434-9ED8-C57C8F345800} = {61C7EF5E-BCE8-4287-B60E-E62AB40E639D}
		{90EDB8A3-672B-4A2E-9135-B88816AF1BD3} = {B2822BE9-C895-4434-9ED8-C57C8F345800}
		{5F4F25C0-1F35-4588-AD54-F0354F39090A} = {096649C1-0A84-4F53-A4DB-D2C582AB9799}
		{4B79F412-58F5-46CE-A2E8-312330A20640} = {099228F7-A043-44D9-8F83-861C59E6EAF3}
	EndGlobalSection
	GlobalSection(ExtensibilityGlobals) = postSolution
		SolutionGuid = {E1B92869-FB20-4F87-9B5B-D3959AFF5CE6}
	EndGlobalSection
EndGlobal
